// !$*UTF8*$!
{
	archiveVersion = 1;
	classes = {
	};
	objectVersion = 55;
	objects = {

/* Begin PBXBuildFile section */
		0F30E47C29EC2AEB00B00D17 /* HomeViewModel.swift in Sources */ = {isa = PBXBuildFile; fileRef = 0F30E46729EC2AEB00B00D17 /* HomeViewModel.swift */; };
		0F30E47D29EC2AEB00B00D17 /* FurnitureStoreApp.swift in Sources */ = {isa = PBXBuildFile; fileRef = 0F30E46829EC2AEB00B00D17 /* FurnitureStoreApp.swift */; };
		0F30E47E29EC2AEB00B00D17 /* Assets.xcassets in Resources */ = {isa = PBXBuildFile; fileRef = 0F30E46929EC2AEB00B00D17 /* Assets.xcassets */; };
		0F30E47F29EC2AEB00B00D17 /* Preview Assets.xcassets in Resources */ = {isa = PBXBuildFile; fileRef = 0F30E46B29EC2AEB00B00D17 /* Preview Assets.xcassets */; };
		0F30E48029EC2AEB00B00D17 /* data.json in Resources */ = {isa = PBXBuildFile; fileRef = 0F30E46C29EC2AEB00B00D17 /* data.json */; };
		0F30E48129EC2AEB00B00D17 /* Furniture.swift in Sources */ = {isa = PBXBuildFile; fileRef = 0F30E46E29EC2AEB00B00D17 /* Furniture.swift */; };
		0F30E48229EC2AEB00B00D17 /* DetailView.swift in Sources */ = {isa = PBXBuildFile; fileRef = 0F30E47029EC2AEB00B00D17 /* DetailView.swift */; };
		0F30E48329EC2AEB00B00D17 /* Home.swift in Sources */ = {isa = PBXBuildFile; fileRef = 0F30E47129EC2AEB00B00D17 /* Home.swift */; };
		0F30E48429EC2AEB00B00D17 /* ButtonCurve.swift in Sources */ = {isa = PBXBuildFile; fileRef = 0F30E47329EC2AEB00B00D17 /* ButtonCurve.swift */; };
		0F30E48529EC2AEB00B00D17 /* CustomTabBar.swift in Sources */ = {isa = PBXBuildFile; fileRef = 0F30E47429EC2AEB00B00D17 /* CustomTabBar.swift */; };
		0F30E48629EC2AEB00B00D17 /* MainView.swift in Sources */ = {isa = PBXBuildFile; fileRef = 0F30E47529EC2AEB00B00D17 /* MainView.swift */; };
		0F30E48729EC2AEB00B00D17 /* Images.swift in Sources */ = {isa = PBXBuildFile; fileRef = 0F30E47729EC2AEB00B00D17 /* Images.swift */; };
		0F30E48829EC2AEB00B00D17 /* ContentView.swift in Sources */ = {isa = PBXBuildFile; fileRef = 0F30E47829EC2AEB00B00D17 /* ContentView.swift */; };
		0F30E48929EC2AEB00B00D17 /* ReadData.swift in Sources */ = {isa = PBXBuildFile; fileRef = 0F30E47A29EC2AEB00B00D17 /* ReadData.swift */; };
		0F30E48A29EC2AEB00B00D17 /* ImageDownloaderClient.swift in Sources */ = {isa = PBXBuildFile; fileRef = 0F30E47B29EC2AEB00B00D17 /* ImageDownloaderClient.swift */; };
		0F6EDD5F29ED6BF000B5764E /* Cart.swift in Sources */ = {isa = PBXBuildFile; fileRef = 0F6EDD5E29ED6BF000B5764E /* Cart.swift */; };
		0F6EDD6129ED759300B5764E /* CartViewModel.swift in Sources */ = {isa = PBXBuildFile; fileRef = 0F6EDD6029ED759300B5764E /* CartViewModel.swift */; };
		0F6EDD6329ED75CA00B5764E /* Store.swift in Sources */ = {isa = PBXBuildFile; fileRef = 0F6EDD6229ED75CA00B5764E /* Store.swift */; };
		0FAF4E4029ECE14800FE5C96 /* lamp.json in Resources */ = {isa = PBXBuildFile; fileRef = 0FAF4E3D29ECE14800FE5C96 /* lamp.json */; };
		0FAF4E4129ECE14800FE5C96 /* floor.json in Resources */ = {isa = PBXBuildFile; fileRef = 0FAF4E3E29ECE14800FE5C96 /* floor.json */; };
		0FAF4E4229ECE14800FE5C96 /* table.json in Resources */ = {isa = PBXBuildFile; fileRef = 0FAF4E3F29ECE14800FE5C96 /* table.json */; };
/* End PBXBuildFile section */

/* Begin PBXFileReference section */
		0F30E46729EC2AEB00B00D17 /* HomeViewModel.swift */ = {isa = PBXFileReference; fileEncoding = 4; lastKnownFileType = sourcecode.swift; path = HomeViewModel.swift; sourceTree = "<group>"; };
		0F30E46829EC2AEB00B00D17 /* FurnitureStoreApp.swift */ = {isa = PBXFileReference; fileEncoding = 4; lastKnownFileType = sourcecode.swift; path = FurnitureStoreApp.swift; sourceTree = "<group>"; };
		0F30E46929EC2AEB00B00D17 /* Assets.xcassets */ = {isa = PBXFileReference; lastKnownFileType = folder.assetcatalog; path = Assets.xcassets; sourceTree = "<group>"; };
		0F30E46B29EC2AEB00B00D17 /* Preview Assets.xcassets */ = {isa = PBXFileReference; lastKnownFileType = folder.assetcatalog; path = "Preview Assets.xcassets"; sourceTree = "<group>"; };
		0F30E46C29EC2AEB00B00D17 /* data.json */ = {isa = PBXFileReference; fileEncoding = 4; lastKnownFileType = text.json; path = data.json; sourceTree = "<group>"; };
		0F30E46E29EC2AEB00B00D17 /* Furniture.swift */ = {isa = PBXFileReference; fileEncoding = 4; lastKnownFileType = sourcecode.swift; path = Furniture.swift; sourceTree = "<group>"; };
		0F30E47029EC2AEB00B00D17 /* DetailView.swift */ = {isa = PBXFileReference; fileEncoding = 4; lastKnownFileType = sourcecode.swift; path = DetailView.swift; sourceTree = "<group>"; };
		0F30E47129EC2AEB00B00D17 /* Home.swift */ = {isa = PBXFileReference; fileEncoding = 4; lastKnownFileType = sourcecode.swift; path = Home.swift; sourceTree = "<group>"; };
		0F30E47329EC2AEB00B00D17 /* ButtonCurve.swift */ = {isa = PBXFileReference; fileEncoding = 4; lastKnownFileType = sourcecode.swift; path = ButtonCurve.swift; sourceTree = "<group>"; };
		0F30E47429EC2AEB00B00D17 /* CustomTabBar.swift */ = {isa = PBXFileReference; fileEncoding = 4; lastKnownFileType = sourcecode.swift; path = CustomTabBar.swift; sourceTree = "<group>"; };
		0F30E47529EC2AEB00B00D17 /* MainView.swift */ = {isa = PBXFileReference; fileEncoding = 4; lastKnownFileType = sourcecode.swift; path = MainView.swift; sourceTree = "<group>"; };
		0F30E47729EC2AEB00B00D17 /* Images.swift */ = {isa = PBXFileReference; fileEncoding = 4; lastKnownFileType = sourcecode.swift; path = Images.swift; sourceTree = "<group>"; };
		0F30E47829EC2AEB00B00D17 /* ContentView.swift */ = {isa = PBXFileReference; fileEncoding = 4; lastKnownFileType = sourcecode.swift; path = ContentView.swift; sourceTree = "<group>"; };
		0F30E47A29EC2AEB00B00D17 /* ReadData.swift */ = {isa = PBXFileReference; fileEncoding = 4; lastKnownFileType = sourcecode.swift; path = ReadData.swift; sourceTree = "<group>"; };
		0F30E47B29EC2AEB00B00D17 /* ImageDownloaderClient.swift */ = {isa = PBXFileReference; fileEncoding = 4; lastKnownFileType = sourcecode.swift; path = ImageDownloaderClient.swift; sourceTree = "<group>"; };
		0F6EDD5E29ED6BF000B5764E /* Cart.swift */ = {isa = PBXFileReference; lastKnownFileType = sourcecode.swift; path = Cart.swift; sourceTree = "<group>"; };
		0F6EDD6029ED759300B5764E /* CartViewModel.swift */ = {isa = PBXFileReference; lastKnownFileType = sourcecode.swift; path = CartViewModel.swift; sourceTree = "<group>"; };
		0F6EDD6229ED75CA00B5764E /* Store.swift */ = {isa = PBXFileReference; lastKnownFileType = sourcecode.swift; path = Store.swift; sourceTree = "<group>"; };
		0F788A032843F7440064A732 /* FurnitureStore.app */ = {isa = PBXFileReference; explicitFileType = wrapper.application; includeInIndex = 0; path = FurnitureStore.app; sourceTree = BUILT_PRODUCTS_DIR; };
		0FAF4E3D29ECE14800FE5C96 /* lamp.json */ = {isa = PBXFileReference; fileEncoding = 4; lastKnownFileType = text.json; path = lamp.json; sourceTree = "<group>"; };
		0FAF4E3E29ECE14800FE5C96 /* floor.json */ = {isa = PBXFileReference; fileEncoding = 4; lastKnownFileType = text.json; path = floor.json; sourceTree = "<group>"; };
		0FAF4E3F29ECE14800FE5C96 /* table.json */ = {isa = PBXFileReference; fileEncoding = 4; lastKnownFileType = text.json; path = table.json; sourceTree = "<group>"; };
/* End PBXFileReference section */

/* Begin PBXFrameworksBuildPhase section */
		0F788A002843F7440064A732 /* Frameworks */ = {
			isa = PBXFrameworksBuildPhase;
			buildActionMask = 2147483647;
			files = (
			);
			runOnlyForDeploymentPostprocessing = 0;
		};
/* End PBXFrameworksBuildPhase section */

/* Begin PBXGroup section */
		0F30E46529EC2AEB00B00D17 /* FurnitureStore */ = {
			isa = PBXGroup;
			children = (
				0F30E47929EC2AEB00B00D17 /* Services */,
				0F30E46629EC2AEB00B00D17 /* ViewModel */,
				0F30E46D29EC2AEB00B00D17 /* Model */,
				0F30E46F29EC2AEB00B00D17 /* View */,
				0F30E46829EC2AEB00B00D17 /* FurnitureStoreApp.swift */,
				0F30E47829EC2AEB00B00D17 /* ContentView.swift */,
				0F30E46C29EC2AEB00B00D17 /* data.json */,
				0FAF4E3E29ECE14800FE5C96 /* floor.json */,
				0FAF4E3D29ECE14800FE5C96 /* lamp.json */,
				0FAF4E3F29ECE14800FE5C96 /* table.json */,
				0F30E46929EC2AEB00B00D17 /* Assets.xcassets */,
				0F30E46A29EC2AEB00B00D17 /* Preview Content */,
			);
			path = FurnitureStore;
			sourceTree = "<group>";
		};
		0F30E46629EC2AEB00B00D17 /* ViewModel */ = {
			isa = PBXGroup;
			children = (
				0F30E46729EC2AEB00B00D17 /* HomeViewModel.swift */,
				0F6EDD6029ED759300B5764E /* CartViewModel.swift */,
			);
			path = ViewModel;
			sourceTree = "<group>";
		};
		0F30E46A29EC2AEB00B00D17 /* Preview Content */ = {
			isa = PBXGroup;
			children = (
				0F30E46B29EC2AEB00B00D17 /* Preview Assets.xcassets */,
			);
			path = "Preview Content";
			sourceTree = "<group>";
		};
		0F30E46D29EC2AEB00B00D17 /* Model */ = {
			isa = PBXGroup;
			children = (
				0F30E46E29EC2AEB00B00D17 /* Furniture.swift */,
				0F6EDD6229ED75CA00B5764E /* Store.swift */,
			);
			path = Model;
			sourceTree = "<group>";
		};
		0F30E46F29EC2AEB00B00D17 /* View */ = {
			isa = PBXGroup;
			children = (
				0F30E47229EC2AEB00B00D17 /* Custom Tab Bar */,
				0F30E47629EC2AEB00B00D17 /* Helper */,
				0F30E47029EC2AEB00B00D17 /* DetailView.swift */,
				0F30E47529EC2AEB00B00D17 /* MainView.swift */,
				0F30E47129EC2AEB00B00D17 /* Home.swift */,
				0F6EDD5E29ED6BF000B5764E /* Cart.swift */,
			);
			path = View;
			sourceTree = "<group>";
		};
		0F30E47229EC2AEB00B00D17 /* Custom Tab Bar */ = {
			isa = PBXGroup;
			children = (
				0F30E47329EC2AEB00B00D17 /* ButtonCurve.swift */,
				0F30E47429EC2AEB00B00D17 /* CustomTabBar.swift */,
			);
			path = "Custom Tab Bar";
			sourceTree = "<group>";
		};
		0F30E47629EC2AEB00B00D17 /* Helper */ = {
			isa = PBXGroup;
			children = (
				0F30E47729EC2AEB00B00D17 /* Images.swift */,
			);
			path = Helper;
			sourceTree = "<group>";
		};
		0F30E47929EC2AEB00B00D17 /* Services */ = {
			isa = PBXGroup;
			children = (
				0F30E47A29EC2AEB00B00D17 /* ReadData.swift */,
				0F30E47B29EC2AEB00B00D17 /* ImageDownloaderClient.swift */,
			);
			path = Services;
			sourceTree = "<group>";
		};
		0F7889FA2843F7430064A732 = {
			isa = PBXGroup;
			children = (
				0F30E46529EC2AEB00B00D17 /* FurnitureStore */,
				0F788A042843F7440064A732 /* Products */,
			);
			sourceTree = "<group>";
		};
		0F788A042843F7440064A732 /* Products */ = {
			isa = PBXGroup;
			children = (
				0F788A032843F7440064A732 /* FurnitureStore.app */,
			);
			name = Products;
			sourceTree = "<group>";
		};
/* End PBXGroup section */

/* Begin PBXNativeTarget section */
		0F788A022843F7440064A732 /* FurnitureStore */ = {
			isa = PBXNativeTarget;
			buildConfigurationList = 0F788A112843F7450064A732 /* Build configuration list for PBXNativeTarget "FurnitureStore" */;
			buildPhases = (
				0F7889FF2843F7440064A732 /* Sources */,
				0F788A002843F7440064A732 /* Frameworks */,
				0F788A012843F7440064A732 /* Resources */,
			);
			buildRules = (
			);
			dependencies = (
			);
			name = FurnitureStore;
			productName = MobilyaDukkani;
			productReference = 0F788A032843F7440064A732 /* FurnitureStore.app */;
			productType = "com.apple.product-type.application";
		};
/* End PBXNativeTarget section */

/* Begin PBXProject section */
		0F7889FB2843F7430064A732 /* Project object */ = {
			isa = PBXProject;
			attributes = {
				BuildIndependentTargetsInParallel = 1;
				LastSwiftUpdateCheck = 1340;
				LastUpgradeCheck = 1340;
				TargetAttributes = {
					0F788A022843F7440064A732 = {
						CreatedOnToolsVersion = 13.4;
					};
				};
			};
			buildConfigurationList = 0F7889FE2843F7430064A732 /* Build configuration list for PBXProject "FurnitureStore" */;
			compatibilityVersion = "Xcode 13.0";
			developmentRegion = en;
			hasScannedForEncodings = 0;
			knownRegions = (
				en,
				Base,
			);
			mainGroup = 0F7889FA2843F7430064A732;
			productRefGroup = 0F788A042843F7440064A732 /* Products */;
			projectDirPath = "";
			projectRoot = "";
			targets = (
				0F788A022843F7440064A732 /* FurnitureStore */,
			);
		};
/* End PBXProject section */

/* Begin PBXResourcesBuildPhase section */
		0F788A012843F7440064A732 /* Resources */ = {
			isa = PBXResourcesBuildPhase;
			buildActionMask = 2147483647;
			files = (
				0F30E48029EC2AEB00B00D17 /* data.json in Resources */,
				0F30E47F29EC2AEB00B00D17 /* Preview Assets.xcassets in Resources */,
				0F30E47E29EC2AEB00B00D17 /* Assets.xcassets in Resources */,
				0FAF4E4129ECE14800FE5C96 /* floor.json in Resources */,
				0FAF4E4229ECE14800FE5C96 /* table.json in Resources */,
				0FAF4E4029ECE14800FE5C96 /* lamp.json in Resources */,
			);
			runOnlyForDeploymentPostprocessing = 0;
		};
/* End PBXResourcesBuildPhase section */

/* Begin PBXSourcesBuildPhase section */
		0F7889FF2843F7440064A732 /* Sources */ = {
			isa = PBXSourcesBuildPhase;
			buildActionMask = 2147483647;
			files = (
				0F6EDD6329ED75CA00B5764E /* Store.swift in Sources */,
				0F30E48929EC2AEB00B00D17 /* ReadData.swift in Sources */,
				0F30E48529EC2AEB00B00D17 /* CustomTabBar.swift in Sources */,
				0F30E47C29EC2AEB00B00D17 /* HomeViewModel.swift in Sources */,
				0F30E48729EC2AEB00B00D17 /* Images.swift in Sources */,
				0F30E48329EC2AEB00B00D17 /* Home.swift in Sources */,
				0F30E47D29EC2AEB00B00D17 /* FurnitureStoreApp.swift in Sources */,
				0F30E48129EC2AEB00B00D17 /* Furniture.swift in Sources */,
				0F6EDD5F29ED6BF000B5764E /* Cart.swift in Sources */,
				0F6EDD6129ED759300B5764E /* CartViewModel.swift in Sources */,
				0F30E48829EC2AEB00B00D17 /* ContentView.swift in Sources */,
				0F30E48229EC2AEB00B00D17 /* DetailView.swift in Sources */,
				0F30E48429EC2AEB00B00D17 /* ButtonCurve.swift in Sources */,
				0F30E48629EC2AEB00B00D17 /* MainView.swift in Sources */,
				0F30E48A29EC2AEB00B00D17 /* ImageDownloaderClient.swift in Sources */,
			);
			runOnlyForDeploymentPostprocessing = 0;
		};
/* End PBXSourcesBuildPhase section */

/* Begin XCBuildConfiguration section */
		0F788A0F2843F7450064A732 /* Debug */ = {
			isa = XCBuildConfiguration;
			buildSettings = {
				ALWAYS_SEARCH_USER_PATHS = NO;
				CLANG_ANALYZER_NONNULL = YES;
				CLANG_ANALYZER_NUMBER_OBJECT_CONVERSION = YES_AGGRESSIVE;
				CLANG_CXX_LANGUAGE_STANDARD = "gnu++17";
				CLANG_ENABLE_MODULES = YES;
				CLANG_ENABLE_OBJC_ARC = YES;
				CLANG_ENABLE_OBJC_WEAK = YES;
				CLANG_WARN_BLOCK_CAPTURE_AUTORELEASING = YES;
				CLANG_WARN_BOOL_CONVERSION = YES;
				CLANG_WARN_COMMA = YES;
				CLANG_WARN_CONSTANT_CONVERSION = YES;
				CLANG_WARN_DEPRECATED_OBJC_IMPLEMENTATIONS = YES;
				CLANG_WARN_DIRECT_OBJC_ISA_USAGE = YES_ERROR;
				CLANG_WARN_DOCUMENTATION_COMMENTS = YES;
				CLANG_WARN_EMPTY_BODY = YES;
				CLANG_WARN_ENUM_CONVERSION = YES;
				CLANG_WARN_INFINITE_RECURSION = YES;
				CLANG_WARN_INT_CONVERSION = YES;
				CLANG_WARN_NON_LITERAL_NULL_CONVERSION = YES;
				CLANG_WARN_OBJC_IMPLICIT_RETAIN_SELF = YES;
				CLANG_WARN_OBJC_LITERAL_CONVERSION = YES;
				CLANG_WARN_OBJC_ROOT_CLASS = YES_ERROR;
				CLANG_WARN_QUOTED_INCLUDE_IN_FRAMEWORK_HEADER = YES;
				CLANG_WARN_RANGE_LOOP_ANALYSIS = YES;
				CLANG_WARN_STRICT_PROTOTYPES = YES;
				CLANG_WARN_SUSPICIOUS_MOVE = YES;
				CLANG_WARN_UNGUARDED_AVAILABILITY = YES_AGGRESSIVE;
				CLANG_WARN_UNREACHABLE_CODE = YES;
				CLANG_WARN__DUPLICATE_METHOD_MATCH = YES;
				COPY_PHASE_STRIP = NO;
				DEBUG_INFORMATION_FORMAT = dwarf;
				ENABLE_STRICT_OBJC_MSGSEND = YES;
				ENABLE_TESTABILITY = YES;
				GCC_C_LANGUAGE_STANDARD = gnu11;
				GCC_DYNAMIC_NO_PIC = NO;
				GCC_NO_COMMON_BLOCKS = YES;
				GCC_OPTIMIZATION_LEVEL = 0;
				GCC_PREPROCESSOR_DEFINITIONS = (
					"DEBUG=1",
					"$(inherited)",
				);
				GCC_WARN_64_TO_32_BIT_CONVERSION = YES;
				GCC_WARN_ABOUT_RETURN_TYPE = YES_ERROR;
				GCC_WARN_UNDECLARED_SELECTOR = YES;
				GCC_WARN_UNINITIALIZED_AUTOS = YES_AGGRESSIVE;
				GCC_WARN_UNUSED_FUNCTION = YES;
				GCC_WARN_UNUSED_VARIABLE = YES;
				IPHONEOS_DEPLOYMENT_TARGET = 15.5;
				MTL_ENABLE_DEBUG_INFO = INCLUDE_SOURCE;
				MTL_FAST_MATH = YES;
				ONLY_ACTIVE_ARCH = YES;
				SDKROOT = iphoneos;
				SWIFT_ACTIVE_COMPILATION_CONDITIONS = DEBUG;
				SWIFT_OPTIMIZATION_LEVEL = "-Onone";
			};
			name = Debug;
		};
		0F788A102843F7450064A732 /* Release */ = {
			isa = XCBuildConfiguration;
			buildSettings = {
				ALWAYS_SEARCH_USER_PATHS = NO;
				CLANG_ANALYZER_NONNULL = YES;
				CLANG_ANALYZER_NUMBER_OBJECT_CONVERSION = YES_AGGRESSIVE;
				CLANG_CXX_LANGUAGE_STANDARD = "gnu++17";
				CLANG_ENABLE_MODULES = YES;
				CLANG_ENABLE_OBJC_ARC = YES;
				CLANG_ENABLE_OBJC_WEAK = YES;
				CLANG_WARN_BLOCK_CAPTURE_AUTORELEASING = YES;
				CLANG_WARN_BOOL_CONVERSION = YES;
				CLANG_WARN_COMMA = YES;
				CLANG_WARN_CONSTANT_CONVERSION = YES;
				CLANG_WARN_DEPRECATED_OBJC_IMPLEMENTATIONS = YES;
				CLANG_WARN_DIRECT_OBJC_ISA_USAGE = YES_ERROR;
				CLANG_WARN_DOCUMENTATION_COMMENTS = YES;
				CLANG_WARN_EMPTY_BODY = YES;
				CLANG_WARN_ENUM_CONVERSION = YES;
				CLANG_WARN_INFINITE_RECURSION = YES;
				CLANG_WARN_INT_CONVERSION = YES;
				CLANG_WARN_NON_LITERAL_NULL_CONVERSION = YES;
				CLANG_WARN_OBJC_IMPLICIT_RETAIN_SELF = YES;
				CLANG_WARN_OBJC_LITERAL_CONVERSION = YES;
				CLANG_WARN_OBJC_ROOT_CLASS = YES_ERROR;
				CLANG_WARN_QUOTED_INCLUDE_IN_FRAMEWORK_HEADER = YES;
				CLANG_WARN_RANGE_LOOP_ANALYSIS = YES;
				CLANG_WARN_STRICT_PROTOTYPES = YES;
				CLANG_WARN_SUSPICIOUS_MOVE = YES;
				CLANG_WARN_UNGUARDED_AVAILABILITY = YES_AGGRESSIVE;
				CLANG_WARN_UNREACHABLE_CODE = YES;
				CLANG_WARN__DUPLICATE_METHOD_MATCH = YES;
				COPY_PHASE_STRIP = NO;
				DEBUG_INFORMATION_FORMAT = "dwarf-with-dsym";
				ENABLE_NS_ASSERTIONS = NO;
				ENABLE_STRICT_OBJC_MSGSEND = YES;
				GCC_C_LANGUAGE_STANDARD = gnu11;
				GCC_NO_COMMON_BLOCKS = YES;
				GCC_WARN_64_TO_32_BIT_CONVERSION = YES;
				GCC_WARN_ABOUT_RETURN_TYPE = YES_ERROR;
				GCC_WARN_UNDECLARED_SELECTOR = YES;
				GCC_WARN_UNINITIALIZED_AUTOS = YES_AGGRESSIVE;
				GCC_WARN_UNUSED_FUNCTION = YES;
				GCC_WARN_UNUSED_VARIABLE = YES;
				IPHONEOS_DEPLOYMENT_TARGET = 15.5;
				MTL_ENABLE_DEBUG_INFO = NO;
				MTL_FAST_MATH = YES;
				SDKROOT = iphoneos;
				SWIFT_COMPILATION_MODE = wholemodule;
				SWIFT_OPTIMIZATION_LEVEL = "-O";
				VALIDATE_PRODUCT = YES;
			};
			name = Release;
		};
		0F788A122843F7450064A732 /* Debug */ = {
			isa = XCBuildConfiguration;
			buildSettings = {
				ASSETCATALOG_COMPILER_APPICON_NAME = AppIcon;
				ASSETCATALOG_COMPILER_GLOBAL_ACCENT_COLOR_NAME = AccentColor;
				CODE_SIGN_STYLE = Automatic;
				CURRENT_PROJECT_VERSION = 1;
				DEVELOPMENT_ASSET_PATHS = "\"FurnitureStore/Preview Content\"";
				DEVELOPMENT_TEAM = H6YXW4WBS6;
				ENABLE_PREVIEWS = YES;
				GENERATE_INFOPLIST_FILE = YES;
				INFOPLIST_KEY_UIApplicationSceneManifest_Generation = YES;
				INFOPLIST_KEY_UIApplicationSupportsIndirectInputEvents = YES;
				INFOPLIST_KEY_UILaunchScreen_Generation = YES;
				INFOPLIST_KEY_UISupportedInterfaceOrientations_iPad = "UIInterfaceOrientationPortrait UIInterfaceOrientationPortraitUpsideDown UIInterfaceOrientationLandscapeLeft UIInterfaceOrientationLandscapeRight";
				INFOPLIST_KEY_UISupportedInterfaceOrientations_iPhone = "UIInterfaceOrientationPortrait UIInterfaceOrientationLandscapeLeft UIInterfaceOrientationLandscapeRight";
				LD_RUNPATH_SEARCH_PATHS = (
					"$(inherited)",
					"@executable_path/Frameworks",
				);
				MARKETING_VERSION = 1.0;
				PRODUCT_BUNDLE_IDENTIFIER = gxibrahimxr.MobilyaDukkani;
				PRODUCT_NAME = "$(TARGET_NAME)";
				SWIFT_EMIT_LOC_STRINGS = YES;
				SWIFT_VERSION = 5.0;
				TARGETED_DEVICE_FAMILY = "1,2";
			};
			name = Debug;
		};
		0F788A132843F7450064A732 /* Release */ = {
			isa = XCBuildConfiguration;
			buildSettings = {
				ASSETCATALOG_COMPILER_APPICON_NAME = AppIcon;
				ASSETCATALOG_COMPILER_GLOBAL_ACCENT_COLOR_NAME = AccentColor;
				CODE_SIGN_STYLE = Automatic;
				CURRENT_PROJECT_VERSION = 1;
				DEVELOPMENT_ASSET_PATHS = "\"FurnitureStore/Preview Content\"";
				DEVELOPMENT_TEAM = H6YXW4WBS6;
				ENABLE_PREVIEWS = YES;
				GENERATE_INFOPLIST_FILE = YES;
				INFOPLIST_KEY_UIApplicationSceneManifest_Generation = YES;
				INFOPLIST_KEY_UIApplicationSupportsIndirectInputEvents = YES;
				INFOPLIST_KEY_UILaunchScreen_Generation = YES;
				INFOPLIST_KEY_UISupportedInterfaceOrientations_iPad = "UIInterfaceOrientationPortrait UIInterfaceOrientationPortraitUpsideDown UIInterfaceOrientationLandscapeLeft UIInterfaceOrientationLandscapeRight";
				INFOPLIST_KEY_UISupportedInterfaceOrientations_iPhone = "UIInterfaceOrientationPortrait UIInterfaceOrientationLandscapeLeft UIInterfaceOrientationLandscapeRight";
				LD_RUNPATH_SEARCH_PATHS = (
					"$(inherited)",
					"@executable_path/Frameworks",
				);
				MARKETING_VERSION = 1.0;
				PRODUCT_BUNDLE_IDENTIFIER = gxibrahimxr.MobilyaDukkani;
				PRODUCT_NAME = "$(TARGET_NAME)";
				SWIFT_EMIT_LOC_STRINGS = YES;
				SWIFT_VERSION = 5.0;
				TARGETED_DEVICE_FAMILY = "1,2";
			};
			name = Release;
		};
/* End XCBuildConfiguration section */

/* Begin XCConfigurationList section */
		0F7889FE2843F7430064A732 /* Build configuration list for PBXProject "FurnitureStore" */ = {
			isa = XCConfigurationList;
			buildConfigurations = (
				0F788A0F2843F7450064A732 /* Debug */,
				0F788A102843F7450064A732 /* Release */,
			);
			defaultConfigurationIsVisible = 0;
			defaultConfigurationName = Release;
		};
		0F788A112843F7450064A732 /* Build configuration list for PBXNativeTarget "FurnitureStore" */ = {
			isa = XCConfigurationList;
			buildConfigurations = (
				0F788A122843F7450064A732 /* Debug */,
				0F788A132843F7450064A732 /* Release */,
			);
			defaultConfigurationIsVisible = 0;
			defaultConfigurationName = Release;
		};
/* End XCConfigurationList section */
	};
	rootObject = 0F7889FB2843F7430064A732 /* Project object */;
}
